
Microsoft Visual Studio Solution File, Format Version 12.00
# Visual Studio 2013
VisualStudioVersion = 12.0.31101.0
MinimumVisualStudioVersion = 10.0.40219.1
Project("{FAE04EC0-301F-11D3-BF4B-00C04F79EFBC}") = "CodeInjection", "CodeInjection\CodeInjection.csproj", "{431F6F09-38CF-457B-9856-D6123D859F8B}"
EndProject
Project("{FAE04EC0-301F-11D3-BF4B-00C04F79EFBC}") = "CodeInjection.Tests", "CodeInjection.Tests\CodeInjection.Tests.csproj", "{DFD00C20-FE8A-48CD-96C6-01A19A97CBB5}"
EndProject
Global
	GlobalSection(SolutionConfigurationPlatforms) = preSolution
		Debug|Any CPU = Debug|Any CPU
		Release|Any CPU = Release|Any CPU
	EndGlobalSection
	GlobalSection(ProjectConfigurationPlatforms) = postSolution
		{431F6F09-38CF-457B-9856-D6123D859F8B}.Debug|Any CPU.ActiveCfg = Debug|Any CPU
		{431F6F09-38CF-457B-9856-D6123D859F8B}.Debug|Any CPU.Build.0 = Debug|Any CPU
		{431F6F09-38CF-457B-9856-D6123D859F8B}.Release|Any CPU.ActiveCfg = Release|Any CPU
		{431F6F09-38CF-457B-9856-D6123D859F8B}.Release|Any CPU.Build.0 = Release|Any CPU
		{DFD00C20-FE8A-48CD-96C6-01A19A97CBB5}.Debug|Any CPU.ActiveCfg = Debug|Any CPU
		{DFD00C20-FE8A-48CD-96C6-01A19A97CBB5}.Debug|Any CPU.Build.0 = Debug|Any CPU
		{DFD00C20-FE8A-48CD-96C6-01A19A97CBB5}.Release|Any CPU.ActiveCfg = Release|Any CPU
		{DFD00C20-FE8A-48CD-96C6-01A19A97CBB5}.Release|Any CPU.Build.0 = Release|Any CPU
	EndGlobalSection
	GlobalSection(SolutionProperties) = preSolution
		HideSolutionNode = FALSE
	EndGlobalSection
EndGlobal
